# THIS IS AN AUTOGENERATED FILE. DO NOT EDIT THIS FILE DIRECTLY.
# yarn lockfile v1


antlr4@^4.7.1:
  version "4.7.1"
  resolved "https://registry.yarnpkg.com/antlr4/-/antlr4-4.7.1.tgz#69984014f096e9e775f53dd9744bf994d8959773"

commander@^2.15.1:
  version "2.15.1"
  resolved "https://registry.yarnpkg.com/commander/-/commander-2.15.1.tgz#df46e867d0fc2aec66a34662b406a9ccafff5b0f"
